<?xml version="1.0" encoding="UTF-8" standalone="yes" ?>
<CodeBlocks_project_file>
	<FileVersion major="1" minor="6" />
	<Project>
		<Option title="bio-face5" />
		<Option pch_mode="2" />
		<Option compiler="gcc" />
		<Build>
			<Target title="Debug">
				<Option output="bin/Debug/bio-face5" prefix_auto="1" extension_auto="1" />
				<Option object_output="obj/Debug/" />
				<Option type="1" />
				<Option compiler="gcc" />
				<Compiler>
					<Add option="-g" />
				</Compiler>
			</Target>
			<Target title="Release">
				<Option output="bin/Release/bio-face5" prefix_auto="1" extension_auto="1" />
				<Option object_output="obj/Release/" />
				<Option type="1" />
				<Option compiler="gcc" />
				<Compiler>
					<Add option="-O2" />
				</Compiler>
				<Linker>
					<Add option="-s" />
				</Linker>
			</Target>
		</Build>
		<Compiler>
			<Add option="-Wall" />
			<Add option="-fexceptions" />
		</Compiler>
		<Unit filename="include/Application.h" />
		<Unit filename="include/Collection.h" />
		<Unit filename="include/Parser.h" />
		<Unit filename="include/Personne.h" />
		<Unit filename="include/image.h" />
		<Unit filename="include/interface.h" />
		<Unit filename="include/tinystr.h" />
		<Unit filename="include/tinyxml.h" />
		<Unit filename="main.cpp" />
		<Unit filename="src/Application.cpp" />
		<Unit filename="src/Collection.cpp" />
		<Unit filename="src/Parser.cpp" />
		<Unit filename="src/Personne.cpp" />
		<Unit filename="src/image.cpp" />
		<Unit filename="src/interface.cpp" />
		<Unit filename="src/moc_interface.cpp" />
		<Unit filename="src/tinystr.cpp" />
		<Unit filename="src/tinyxml.cpp" />
		<Unit filename="src/tinyxmlerror.cpp" />
		<Unit filename="src/tinyxmlparser.cpp" />
		<Extensions>
			<code_completion />
			<envvars />
			<debugger />
			<lib_finder disable_auto="1" />
		</Extensions>
	</Project>
</CodeBlocks_project_file>
